
Microsoft Visual Studio Solution File, Format Version 12.00
# Visual Studio Version 17
VisualStudioVersion = 17.4.33213.308
MinimumVisualStudioVersion = 10.0.40219.1
Project("{FAE04EC0-301F-11D3-BF4B-00C04F79EFBC}") = "vendasAPI", "vendasAPI\vendasAPI.csproj", "{1D30E07E-3FE9-4082-82DB-C39FB4F4ACFA}"
EndProject
Global
	GlobalSection(SolutionConfigurationPlatforms) = preSolution
		Debug|Any CPU = Debug|Any CPU
		Release|Any CPU = Release|Any CPU
	EndGlobalSection
	GlobalSection(ProjectConfigurationPlatforms) = postSolution
		{1D30E07E-3FE9-4082-82DB-C39FB4F4ACFA}.Debug|Any CPU.ActiveCfg = Debug|Any CPU
		{1D30E07E-3FE9-4082-82DB-C39FB4F4ACFA}.Debug|Any CPU.Build.0 = Debug|Any CPU
		{1D30E07E-3FE9-4082-82DB-C39FB4F4ACFA}.Release|Any CPU.ActiveCfg = Release|Any CPU
		{1D30E07E-3FE9-4082-82DB-C39FB4F4ACFA}.Release|Any CPU.Build.0 = Release|Any CPU
	EndGlobalSection
	GlobalSection(SolutionProperties) = preSolution
		HideSolutionNode = FALSE
	EndGlobalSection
	GlobalSection(ExtensibilityGlobals) = postSolution
		SolutionGuid = {EE12AE15-4E93-4BD4-980C-214571499921}
	EndGlobalSection
EndGlobal
